
Microsoft Visual Studio Solution File, Format Version 12.00
# Visual Studio Version 17
VisualStudioVersion = 17.0.32112.339
MinimumVisualStudioVersion = 10.0.40219.1
Project("{9A19103F-16F7-4668-BE54-9A1E7A4F7556}") = "JH.Monitor.Requester", "JH.Scheduler.Requester\JH.Monitor.Requester.csproj", "{2D4F58BD-A876-497A-8889-A88D5DDA7071}"
EndProject
Project("{9A19103F-16F7-4668-BE54-9A1E7A4F7556}") = "JH.Monitor.Retriever", "JH.Scheduler.Listener\JH.Monitor.Retriever.csproj", "{9D0B6CF1-6FE1-4EB3-BEF5-F7D672D26777}"
EndProject
Project("{FAE04EC0-301F-11D3-BF4B-00C04F79EFBC}") = "JH.Monitor.SubOperations", "JH.Monitor.SubOperations\JH.Monitor.SubOperations.csproj", "{A838A0B7-D904-4C21-801D-743315453C34}"
EndProject
Global
	GlobalSection(SolutionConfigurationPlatforms) = preSolution
		Debug|Any CPU = Debug|Any CPU
		Release|Any CPU = Release|Any CPU
	EndGlobalSection
	GlobalSection(ProjectConfigurationPlatforms) = postSolution
		{2D4F58BD-A876-497A-8889-A88D5DDA7071}.Debug|Any CPU.ActiveCfg = Debug|Any CPU
		{2D4F58BD-A876-497A-8889-A88D5DDA7071}.Debug|Any CPU.Build.0 = Debug|Any CPU
		{2D4F58BD-A876-497A-8889-A88D5DDA7071}.Release|Any CPU.ActiveCfg = Release|Any CPU
		{2D4F58BD-A876-497A-8889-A88D5DDA7071}.Release|Any CPU.Build.0 = Release|Any CPU
		{9D0B6CF1-6FE1-4EB3-BEF5-F7D672D26777}.Debug|Any CPU.ActiveCfg = Debug|Any CPU
		{9D0B6CF1-6FE1-4EB3-BEF5-F7D672D26777}.Debug|Any CPU.Build.0 = Debug|Any CPU
		{9D0B6CF1-6FE1-4EB3-BEF5-F7D672D26777}.Release|Any CPU.ActiveCfg = Release|Any CPU
		{9D0B6CF1-6FE1-4EB3-BEF5-F7D672D26777}.Release|Any CPU.Build.0 = Release|Any CPU
		{A838A0B7-D904-4C21-801D-743315453C34}.Debug|Any CPU.ActiveCfg = Debug|Any CPU
		{A838A0B7-D904-4C21-801D-743315453C34}.Debug|Any CPU.Build.0 = Debug|Any CPU
		{A838A0B7-D904-4C21-801D-743315453C34}.Release|Any CPU.ActiveCfg = Release|Any CPU
		{A838A0B7-D904-4C21-801D-743315453C34}.Release|Any CPU.Build.0 = Release|Any CPU
	EndGlobalSection
	GlobalSection(SolutionProperties) = preSolution
		HideSolutionNode = FALSE
	EndGlobalSection
	GlobalSection(ExtensibilityGlobals) = postSolution
		SolutionGuid = {EA299C7E-E8E2-4CA3-918C-384A10B3EBCA}
	EndGlobalSection
EndGlobal
